
Microsoft Visual Studio Solution File, Format Version 12.00
# Visual Studio 2013
VisualStudioVersion = 12.0.40629.0
MinimumVisualStudioVersion = 10.0.40219.1
Project("{FAE04EC0-301F-11D3-BF4B-00C04F79EFBC}") = "DuplicateCountingHelper", "DuplicateCountingHelper\DuplicateCountingHelper.csproj", "{F42242FB-33FE-43D6-9076-C60CEF96535B}"
EndProject
Project("{FAE04EC0-301F-11D3-BF4B-00C04F79EFBC}") = "DuplicateCountingHelperTests", "DuplicateCountingHelperTests\DuplicateCountingHelperTests.csproj", "{14D944B5-EB98-4318-8065-F72DECD98BDB}"
EndProject
Global
	GlobalSection(SolutionConfigurationPlatforms) = preSolution
		Debug|Any CPU = Debug|Any CPU
		Release|Any CPU = Release|Any CPU
	EndGlobalSection
	GlobalSection(ProjectConfigurationPlatforms) = postSolution
		{F42242FB-33FE-43D6-9076-C60CEF96535B}.Debug|Any CPU.ActiveCfg = Debug|Any CPU
		{F42242FB-33FE-43D6-9076-C60CEF96535B}.Debug|Any CPU.Build.0 = Debug|Any CPU
		{F42242FB-33FE-43D6-9076-C60CEF96535B}.Release|Any CPU.ActiveCfg = Release|Any CPU
		{F42242FB-33FE-43D6-9076-C60CEF96535B}.Release|Any CPU.Build.0 = Release|Any CPU
		{14D944B5-EB98-4318-8065-F72DECD98BDB}.Debug|Any CPU.ActiveCfg = Debug|Any CPU
		{14D944B5-EB98-4318-8065-F72DECD98BDB}.Debug|Any CPU.Build.0 = Debug|Any CPU
		{14D944B5-EB98-4318-8065-F72DECD98BDB}.Release|Any CPU.ActiveCfg = Release|Any CPU
		{14D944B5-EB98-4318-8065-F72DECD98BDB}.Release|Any CPU.Build.0 = Release|Any CPU
	EndGlobalSection
	GlobalSection(SolutionProperties) = preSolution
		HideSolutionNode = FALSE
	EndGlobalSection
EndGlobal
